Microsoft Visual Studio Solution File, Format Version 12.00
# Visual Studio Version 17
VisualStudioVersion = 17.5.2.0
MinimumVisualStudioVersion = 10.0.40219.1
Project("{FAE04EC0-301F-11D3-BF4B-00C04F79EFBC}") = "FileWork", "FileWork.csproj", "{70458CA7-A147-424E-30E0-CF8472910B34}"
EndProject
Global
	GlobalSection(SolutionConfigurationPlatforms) = preSolution
		Debug|Any CPU = Debug|Any CPU
		Release|Any CPU = Release|Any CPU
	EndGlobalSection
	GlobalSection(ProjectConfigurationPlatforms) = postSolution
		{70458CA7-A147-424E-30E0-CF8472910B34}.Debug|Any CPU.ActiveCfg = Debug|Any CPU
		{70458CA7-A147-424E-30E0-CF8472910B34}.Debug|Any CPU.Build.0 = Debug|Any CPU
		{70458CA7-A147-424E-30E0-CF8472910B34}.Release|Any CPU.ActiveCfg = Release|Any CPU
		{70458CA7-A147-424E-30E0-CF8472910B34}.Release|Any CPU.Build.0 = Release|Any CPU
	EndGlobalSection
	GlobalSection(SolutionProperties) = preSolution
		HideSolutionNode = FALSE
	EndGlobalSection
	GlobalSection(ExtensibilityGlobals) = postSolution
		SolutionGuid = {74D8B993-C191-4ACD-BF18-6086D36977C4}
	EndGlobalSection
EndGlobal
